
Microsoft Visual Studio Solution File, Format Version 12.00
Project("{FAE04EC0-301F-11D3-BF4B-00C04F79EFBC}") = "HC.LogProxy.Api", "HC.LogProxy.Api\HC.LogProxy.Api.csproj", "{5E48FD47-6C58-46CD-865B-C97142A1AF51}"
EndProject
Project("{FAE04EC0-301F-11D3-BF4B-00C04F79EFBC}") = "HC.LogProxy.Core", "HC.LogProxy.Core\HC.LogProxy.Core.csproj", "{1BE0659E-0669-4B4A-AC5F-177D18749673}"
EndProject
Project("{FAE04EC0-301F-11D3-BF4B-00C04F79EFBC}") = "HC.LogProxy.Dal", "HC.LogProxy.Dal\HC.LogProxy.Dal.csproj", "{77ACA519-A4C3-4F39-942C-3A3F89D62978}"
EndProject
Project("{FAE04EC0-301F-11D3-BF4B-00C04F79EFBC}") = "HC.LogProxy.Configuration", "HC.LogProxy.Configuration\HC.LogProxy.Configuration.csproj", "{38BAEC07-963E-482B-9DA9-85B2E93E980F}"
EndProject
Project("{FAE04EC0-301F-11D3-BF4B-00C04F79EFBC}") = "HC.LogProxy.Util", "HC.LogProxy.Util\HC.LogProxy.Util.csproj", "{142F8AB3-B10B-43F9-B1B7-6FAC969341B6}"
EndProject
Global
	GlobalSection(SolutionConfigurationPlatforms) = preSolution
		Debug|Any CPU = Debug|Any CPU
		Release|Any CPU = Release|Any CPU
	EndGlobalSection
	GlobalSection(ProjectConfigurationPlatforms) = postSolution
		{5E48FD47-6C58-46CD-865B-C97142A1AF51}.Debug|Any CPU.ActiveCfg = Debug|Any CPU
		{5E48FD47-6C58-46CD-865B-C97142A1AF51}.Debug|Any CPU.Build.0 = Debug|Any CPU
		{5E48FD47-6C58-46CD-865B-C97142A1AF51}.Release|Any CPU.ActiveCfg = Release|Any CPU
		{5E48FD47-6C58-46CD-865B-C97142A1AF51}.Release|Any CPU.Build.0 = Release|Any CPU
		{1BE0659E-0669-4B4A-AC5F-177D18749673}.Debug|Any CPU.ActiveCfg = Debug|Any CPU
		{1BE0659E-0669-4B4A-AC5F-177D18749673}.Debug|Any CPU.Build.0 = Debug|Any CPU
		{1BE0659E-0669-4B4A-AC5F-177D18749673}.Release|Any CPU.ActiveCfg = Release|Any CPU
		{1BE0659E-0669-4B4A-AC5F-177D18749673}.Release|Any CPU.Build.0 = Release|Any CPU
		{77ACA519-A4C3-4F39-942C-3A3F89D62978}.Debug|Any CPU.ActiveCfg = Debug|Any CPU
		{77ACA519-A4C3-4F39-942C-3A3F89D62978}.Debug|Any CPU.Build.0 = Debug|Any CPU
		{77ACA519-A4C3-4F39-942C-3A3F89D62978}.Release|Any CPU.ActiveCfg = Release|Any CPU
		{77ACA519-A4C3-4F39-942C-3A3F89D62978}.Release|Any CPU.Build.0 = Release|Any CPU
		{38BAEC07-963E-482B-9DA9-85B2E93E980F}.Debug|Any CPU.ActiveCfg = Debug|Any CPU
		{38BAEC07-963E-482B-9DA9-85B2E93E980F}.Debug|Any CPU.Build.0 = Debug|Any CPU
		{38BAEC07-963E-482B-9DA9-85B2E93E980F}.Release|Any CPU.ActiveCfg = Release|Any CPU
		{38BAEC07-963E-482B-9DA9-85B2E93E980F}.Release|Any CPU.Build.0 = Release|Any CPU
		{142F8AB3-B10B-43F9-B1B7-6FAC969341B6}.Debug|Any CPU.ActiveCfg = Debug|Any CPU
		{142F8AB3-B10B-43F9-B1B7-6FAC969341B6}.Debug|Any CPU.Build.0 = Debug|Any CPU
		{142F8AB3-B10B-43F9-B1B7-6FAC969341B6}.Release|Any CPU.ActiveCfg = Release|Any CPU
		{142F8AB3-B10B-43F9-B1B7-6FAC969341B6}.Release|Any CPU.Build.0 = Release|Any CPU
	EndGlobalSection
EndGlobal
